// !$*UTF8*$!
{
	archiveVersion = 1;
	classes = {
	};
	objectVersion = 46;
	objects = {

/* Begin PBXBuildFile section */
		6362878A1C026D5F0033B0C3 /* AppDelegate.swift in Sources */ = {isa = PBXBuildFile; fileRef = 636287891C026D5F0033B0C3 /* AppDelegate.swift */; };
		6362878C1C026D5F0033B0C3 /* ViewController.swift in Sources */ = {isa = PBXBuildFile; fileRef = 6362878B1C026D5F0033B0C3 /* ViewController.swift */; };
		6362878F1C026D5F0033B0C3 /* Main.storyboard in Resources */ = {isa = PBXBuildFile; fileRef = 6362878D1C026D5F0033B0C3 /* Main.storyboard */; };
		636287911C026D5F0033B0C3 /* Assets.xcassets in Resources */ = {isa = PBXBuildFile; fileRef = 636287901C026D5F0033B0C3 /* Assets.xcassets */; };
		636287941C026D5F0033B0C3 /* LaunchScreen.storyboard in Resources */ = {isa = PBXBuildFile; fileRef = 636287921C026D5F0033B0C3 /* LaunchScreen.storyboard */; };
		6362879F1C026D5F0033B0C3 /* QuidTimerTests.swift in Sources */ = {isa = PBXBuildFile; fileRef = 6362879E1C026D5F0033B0C3 /* QuidTimerTests.swift */; };
		636287AA1C026D5F0033B0C3 /* QuidTimerUITests.swift in Sources */ = {isa = PBXBuildFile; fileRef = 636287A91C026D5F0033B0C3 /* QuidTimerUITests.swift */; };
		636287BA1C027F6E0033B0C3 /* Models.swift in Sources */ = {isa = PBXBuildFile; fileRef = 636287B91C027F6E0033B0C3 /* Models.swift */; };
/* End PBXBuildFile section */

/* Begin PBXContainerItemProxy section */
		6362879B1C026D5F0033B0C3 /* PBXContainerItemProxy */ = {
			isa = PBXContainerItemProxy;
			containerPortal = 6362877E1C026D5F0033B0C3 /* Project object */;
			proxyType = 1;
			remoteGlobalIDString = 636287851C026D5F0033B0C3;
			remoteInfo = QuidTimer;
		};
		636287A61C026D5F0033B0C3 /* PBXContainerItemProxy */ = {
			isa = PBXContainerItemProxy;
			containerPortal = 6362877E1C026D5F0033B0C3 /* Project object */;
			proxyType = 1;
			remoteGlobalIDString = 636287851C026D5F0033B0C3;
			remoteInfo = QuidTimer;
		};
/* End PBXContainerItemProxy section */

/* Begin PBXFileReference section */
		636287861C026D5F0033B0C3 /* QuidTimer.app */ = {isa = PBXFileReference; explicitFileType = wrapper.application; includeInIndex = 0; path = QuidTimer.app; sourceTree = BUILT_PRODUCTS_DIR; };
		636287891C026D5F0033B0C3 /* AppDelegate.swift */ = {isa = PBXFileReference; lastKnownFileType = sourcecode.swift; path = AppDelegate.swift; sourceTree = "<group>"; };
		6362878B1C026D5F0033B0C3 /* ViewController.swift */ = {isa = PBXFileReference; lastKnownFileType = sourcecode.swift; path = ViewController.swift; sourceTree = "<group>"; };
		6362878E1C026D5F0033B0C3 /* Base */ = {isa = PBXFileReference; lastKnownFileType = file.storyboard; name = Base; path = Base.lproj/Main.storyboard; sourceTree = "<group>"; };
		636287901C026D5F0033B0C3 /* Assets.xcassets */ = {isa = PBXFileReference; lastKnownFileType = folder.assetcatalog; path = Assets.xcassets; sourceTree = "<group>"; };
		636287931C026D5F0033B0C3 /* Base */ = {isa = PBXFileReference; lastKnownFileType = file.storyboard; name = Base; path = Base.lproj/LaunchScreen.storyboard; sourceTree = "<group>"; };
		636287951C026D5F0033B0C3 /* Info.plist */ = {isa = PBXFileReference; lastKnownFileType = text.plist.xml; path = Info.plist; sourceTree = "<group>"; };
		6362879A1C026D5F0033B0C3 /* QuidTimerTests.xctest */ = {isa = PBXFileReference; explicitFileType = wrapper.cfbundle; includeInIndex = 0; path = QuidTimerTests.xctest; sourceTree = BUILT_PRODUCTS_DIR; };
		6362879E1C026D5F0033B0C3 /* QuidTimerTests.swift */ = {isa = PBXFileReference; lastKnownFileType = sourcecode.swift; path = QuidTimerTests.swift; sourceTree = "<group>"; };
		636287A01C026D5F0033B0C3 /* Info.plist */ = {isa = PBXFileReference; lastKnownFileType = text.plist.xml; path = Info.plist; sourceTree = "<group>"; };
		636287A51C026D5F0033B0C3 /* QuidTimerUITests.xctest */ = {isa = PBXFileReference; explicitFileType = wrapper.cfbundle; includeInIndex = 0; path = QuidTimerUITests.xctest; sourceTree = BUILT_PRODUCTS_DIR; };
		636287A91C026D5F0033B0C3 /* QuidTimerUITests.swift */ = {isa = PBXFileReference; lastKnownFileType = sourcecode.swift; path = QuidTimerUITests.swift; sourceTree = "<group>"; };
		636287AB1C026D5F0033B0C3 /* Info.plist */ = {isa = PBXFileReference; lastKnownFileType = text.plist.xml; path = Info.plist; sourceTree = "<group>"; };
		636287B91C027F6E0033B0C3 /* Models.swift */ = {isa = PBXFileReference; fileEncoding = 4; lastKnownFileType = sourcecode.swift; path = Models.swift; sourceTree = "<group>"; };
/* End PBXFileReference section */

/* Begin PBXFrameworksBuildPhase section */
		636287831C026D5F0033B0C3 /* Frameworks */ = {
			isa = PBXFrameworksBuildPhase;
			buildActionMask = 2147483647;
			files = (
			);
			runOnlyForDeploymentPostprocessing = 0;
		};
		636287971C026D5F0033B0C3 /* Frameworks */ = {
			isa = PBXFrameworksBuildPhase;
			buildActionMask = 2147483647;
			files = (
			);
			runOnlyForDeploymentPostprocessing = 0;
		};
		636287A21C026D5F0033B0C3 /* Frameworks */ = {
			isa = PBXFrameworksBuildPhase;
			buildActionMask = 2147483647;
			files = (
			);
			runOnlyForDeploymentPostprocessing = 0;
		};
/* End PBXFrameworksBuildPhase section */

/* Begin PBXGroup section */
		6362877D1C026D5F0033B0C3 = {
			isa = PBXGroup;
			children = (
				636287881C026D5F0033B0C3 /* QuidTimer */,
				6362879D1C026D5F0033B0C3 /* QuidTimerTests */,
				636287A81C026D5F0033B0C3 /* QuidTimerUITests */,
				636287871C026D5F0033B0C3 /* Products */,
			);
			sourceTree = "<group>";
		};
		636287871C026D5F0033B0C3 /* Products */ = {
			isa = PBXGroup;
			children = (
				636287861C026D5F0033B0C3 /* QuidTimer.app */,
				6362879A1C026D5F0033B0C3 /* QuidTimerTests.xctest */,
				636287A51C026D5F0033B0C3 /* QuidTimerUITests.xctest */,
			);
			name = Products;
			sourceTree = "<group>";
		};
		636287881C026D5F0033B0C3 /* QuidTimer */ = {
			isa = PBXGroup;
			children = (
				636287891C026D5F0033B0C3 /* AppDelegate.swift */,
				636287B91C027F6E0033B0C3 /* Models.swift */,
				6362878B1C026D5F0033B0C3 /* ViewController.swift */,
				6362878D1C026D5F0033B0C3 /* Main.storyboard */,
				636287901C026D5F0033B0C3 /* Assets.xcassets */,
				636287921C026D5F0033B0C3 /* LaunchScreen.storyboard */,
				636287951C026D5F0033B0C3 /* Info.plist */,
			);
			path = QuidTimer;
			sourceTree = "<group>";
		};
		6362879D1C026D5F0033B0C3 /* QuidTimerTests */ = {
			isa = PBXGroup;
			children = (
				6362879E1C026D5F0033B0C3 /* QuidTimerTests.swift */,
				636287A01C026D5F0033B0C3 /* Info.plist */,
			);
			path = QuidTimerTests;
			sourceTree = "<group>";
		};
		636287A81C026D5F0033B0C3 /* QuidTimerUITests */ = {
			isa = PBXGroup;
			children = (
				636287A91C026D5F0033B0C3 /* QuidTimerUITests.swift */,
				636287AB1C026D5F0033B0C3 /* Info.plist */,
			);
			path = QuidTimerUITests;
			sourceTree = "<group>";
		};
/* End PBXGroup section */

/* Begin PBXNativeTarget section */
		636287851C026D5F0033B0C3 /* QuidTimer */ = {
			isa = PBXNativeTarget;
			buildConfigurationList = 636287AE1C026D5F0033B0C3 /* Build configuration list for PBXNativeTarget "QuidTimer" */;
			buildPhases = (
				636287821C026D5F0033B0C3 /* Sources */,
				636287831C026D5F0033B0C3 /* Frameworks */,
				636287841C026D5F0033B0C3 /* Resources */,
			);
			buildRules = (
			);
			dependencies = (
			);
			name = QuidTimer;
			productName = QuidTimer;
			productReference = 636287861C026D5F0033B0C3 /* QuidTimer.app */;
			productType = "com.apple.product-type.application";
		};
		636287991C026D5F0033B0C3 /* QuidTimerTests */ = {
			isa = PBXNativeTarget;
			buildConfigurationList = 636287B11C026D5F0033B0C3 /* Build configuration list for PBXNativeTarget "QuidTimerTests" */;
			buildPhases = (
				636287961C026D5F0033B0C3 /* Sources */,
				636287971C026D5F0033B0C3 /* Frameworks */,
				636287981C026D5F0033B0C3 /* Resources */,
			);
			buildRules = (
			);
			dependencies = (
				6362879C1C026D5F0033B0C3 /* PBXTargetDependency */,
			);
			name = QuidTimerTests;
			productName = QuidTimerTests;
			productReference = 6362879A1C026D5F0033B0C3 /* QuidTimerTests.xctest */;
			productType = "com.apple.product-type.bundle.unit-test";
		};
		636287A41C026D5F0033B0C3 /* QuidTimerUITests */ = {
			isa = PBXNativeTarget;
			buildConfigurationList = 636287B41C026D5F0033B0C3 /* Build configuration list for PBXNativeTarget "QuidTimerUITests" */;
			buildPhases = (
				636287A11C026D5F0033B0C3 /* Sources */,
				636287A21C026D5F0033B0C3 /* Frameworks */,
				636287A31C026D5F0033B0C3 /* Resources */,
			);
			buildRules = (
			);
			dependencies = (
				636287A71C026D5F0033B0C3 /* PBXTargetDependency */,
			);
			name = QuidTimerUITests;
			productName = QuidTimerUITests;
			productReference = 636287A51C026D5F0033B0C3 /* QuidTimerUITests.xctest */;
			productType = "com.apple.product-type.bundle.ui-testing";
		};
/* End PBXNativeTarget section */

/* Begin PBXProject section */
		6362877E1C026D5F0033B0C3 /* Project object */ = {
			isa = PBXProject;
			attributes = {
				LastSwiftUpdateCheck = 0710;
				LastUpgradeCheck = 0710;
				ORGANIZATIONNAME = DB;
				TargetAttributes = {
					636287851C026D5F0033B0C3 = {
						CreatedOnToolsVersion = 7.1.1;
					};
					636287991C026D5F0033B0C3 = {
						CreatedOnToolsVersion = 7.1.1;
						TestTargetID = 636287851C026D5F0033B0C3;
					};
					636287A41C026D5F0033B0C3 = {
						CreatedOnToolsVersion = 7.1.1;
						TestTargetID = 636287851C026D5F0033B0C3;
					};
				};
			};
			buildConfigurationList = 636287811C026D5F0033B0C3 /* Build configuration list for PBXProject "QuidTimer" */;
			compatibilityVersion = "Xcode 3.2";
			developmentRegion = English;
			hasScannedForEncodings = 0;
			knownRegions = (
				en,
				Base,
			);
			mainGroup = 6362877D1C026D5F0033B0C3;
			productRefGroup = 636287871C026D5F0033B0C3 /* Products */;
			projectDirPath = "";
			projectRoot = "";
			targets = (
				636287851C026D5F0033B0C3 /* QuidTimer */,
				636287991C026D5F0033B0C3 /* QuidTimerTests */,
				636287A41C026D5F0033B0C3 /* QuidTimerUITests */,
			);
		};
/* End PBXProject section */

/* Begin PBXResourcesBuildPhase section */
		636287841C026D5F0033B0C3 /* Resources */ = {
			isa = PBXResourcesBuildPhase;
			buildActionMask = 2147483647;
			files = (
				636287941C026D5F0033B0C3 /* LaunchScreen.storyboard in Resources */,
				636287911C026D5F0033B0C3 /* Assets.xcassets in Resources */,
				6362878F1C026D5F0033B0C3 /* Main.storyboard in Resources */,
			);
			runOnlyForDeploymentPostprocessing = 0;
		};
		636287981C026D5F0033B0C3 /* Resources */ = {
			isa = PBXResourcesBuildPhase;
			buildActionMask = 2147483647;
			files = (
			);
			runOnlyForDeploymentPostprocessing = 0;
		};
		636287A31C026D5F0033B0C3 /* Resources */ = {
			isa = PBXResourcesBuildPhase;
			buildActionMask = 2147483647;
			files = (
			);
			runOnlyForDeploymentPostprocessing = 0;
		};
/* End PBXResourcesBuildPhase section */

/* Begin PBXSourcesBuildPhase section */
		636287821C026D5F0033B0C3 /* Sources */ = {
			isa = PBXSourcesBuildPhase;
			buildActionMask = 2147483647;
			files = (
				636287BA1C027F6E0033B0C3 /* Models.swift in Sources */,
				6362878C1C026D5F0033B0C3 /* ViewController.swift in Sources */,
				6362878A1C026D5F0033B0C3 /* AppDelegate.swift in Sources */,
			);
			runOnlyForDeploymentPostprocessing = 0;
		};
		636287961C026D5F0033B0C3 /* Sources */ = {
			isa = PBXSourcesBuildPhase;
			buildActionMask = 2147483647;
			files = (
				6362879F1C026D5F0033B0C3 /* QuidTimerTests.swift in Sources */,
			);
			runOnlyForDeploymentPostprocessing = 0;
		};
		636287A11C026D5F0033B0C3 /* Sources */ = {
			isa = PBXSourcesBuildPhase;
			buildActionMask = 2147483647;
			files = (
				636287AA1C026D5F0033B0C3 /* QuidTimerUITests.swift in Sources */,
			);
			runOnlyForDeploymentPostprocessing = 0;
		};
/* End PBXSourcesBuildPhase section */

/* Begin PBXTargetDependency section */
		6362879C1C026D5F0033B0C3 /* PBXTargetDependency */ = {
			isa = PBXTargetDependency;
			target = 636287851C026D5F0033B0C3 /* QuidTimer */;
			targetProxy = 6362879B1C026D5F0033B0C3 /* PBXContainerItemProxy */;
		};
		636287A71C026D5F0033B0C3 /* PBXTargetDependency */ = {
			isa = PBXTargetDependency;
			target = 636287851C026D5F0033B0C3 /* QuidTimer */;
			targetProxy = 636287A61C026D5F0033B0C3 /* PBXContainerItemProxy */;
		};
/* End PBXTargetDependency section */

/* Begin PBXVariantGroup section */
		6362878D1C026D5F0033B0C3 /* Main.storyboard */ = {
			isa = PBXVariantGroup;
			children = (
				6362878E1C026D5F0033B0C3 /* Base */,
			);
			name = Main.storyboard;
			sourceTree = "<group>";
		};
		636287921C026D5F0033B0C3 /* LaunchScreen.storyboard */ = {
			isa = PBXVariantGroup;
			children = (
				636287931C026D5F0033B0C3 /* Base */,
			);
			name = LaunchScreen.storyboard;
			sourceTree = "<group>";
		};
/* End PBXVariantGroup section */

/* Begin XCBuildConfiguration section */
		636287AC1C026D5F0033B0C3 /* Debug */ = {
			isa = XCBuildConfiguration;
			buildSettings = {
				ALWAYS_SEARCH_USER_PATHS = NO;
				CLANG_CXX_LANGUAGE_STANDARD = "gnu++0x";
				CLANG_CXX_LIBRARY = "libc++";
				CLANG_ENABLE_MODULES = YES;
				CLANG_ENABLE_OBJC_ARC = YES;
				CLANG_WARN_BOOL_CONVERSION = YES;
				CLANG_WARN_CONSTANT_CONVERSION = YES;
				CLANG_WARN_DIRECT_OBJC_ISA_USAGE = YES_ERROR;
				CLANG_WARN_EMPTY_BODY = YES;
				CLANG_WARN_ENUM_CONVERSION = YES;
				CLANG_WARN_INT_CONVERSION = YES;
				CLANG_WARN_OBJC_ROOT_CLASS = YES_ERROR;
				CLANG_WARN_UNREACHABLE_CODE = YES;
				CLANG_WARN__DUPLICATE_METHOD_MATCH = YES;
				"CODE_SIGN_IDENTITY[sdk=iphoneos*]" = "iPhone Developer";
				COPY_PHASE_STRIP = NO;
				DEBUG_INFORMATION_FORMAT = dwarf;
				ENABLE_STRICT_OBJC_MSGSEND = YES;
				ENABLE_TESTABILITY = YES;
				GCC_C_LANGUAGE_STANDARD = gnu99;
				GCC_DYNAMIC_NO_PIC = NO;
				GCC_NO_COMMON_BLOCKS = YES;
				GCC_OPTIMIZATION_LEVEL = 0;
				GCC_PREPROCESSOR_DEFINITIONS = (
					"DEBUG=1",
					"$(inherited)",
				);
				GCC_WARN_64_TO_32_BIT_CONVERSION = YES;
				GCC_WARN_ABOUT_RETURN_TYPE = YES_ERROR;
				GCC_WARN_UNDECLARED_SELECTOR = YES;
				GCC_WARN_UNINITIALIZED_AUTOS = YES_AGGRESSIVE;
				GCC_WARN_UNUSED_FUNCTION = YES;
				GCC_WARN_UNUSED_VARIABLE = YES;
				IPHONEOS_DEPLOYMENT_TARGET = 9.1;
				MTL_ENABLE_DEBUG_INFO = YES;
				ONLY_ACTIVE_ARCH = YES;
				SDKROOT = iphoneos;
				SWIFT_OPTIMIZATION_LEVEL = "-Onone";
			};
			name = Debug;
		};
		636287AD1C026D5F0033B0C3 /* Release */ = {
			isa = XCBuildConfiguration;
			buildSettings = {
				ALWAYS_SEARCH_USER_PATHS = NO;
				CLANG_CXX_LANGUAGE_STANDARD = "gnu++0x";
				CLANG_CXX_LIBRARY = "libc++";
				CLANG_ENABLE_MODULES = YES;
				CLANG_ENABLE_OBJC_ARC = YES;
				CLANG_WARN_BOOL_CONVERSION = YES;
				CLANG_WARN_CONSTANT_CONVERSION = YES;
				CLANG_WARN_DIRECT_OBJC_ISA_USAGE = YES_ERROR;
				CLANG_WARN_EMPTY_BODY = YES;
				CLANG_WARN_ENUM_CONVERSION = YES;
				CLANG_WARN_INT_CONVERSION = YES;
				CLANG_WARN_OBJC_ROOT_CLASS = YES_ERROR;
				CLANG_WARN_UNREACHABLE_CODE = YES;
				CLANG_WARN__DUPLICATE_METHOD_MATCH = YES;
				"CODE_SIGN_IDENTITY[sdk=iphoneos*]" = "iPhone Developer";
				COPY_PHASE_STRIP = NO;
				DEBUG_INFORMATION_FORMAT = "dwarf-with-dsym";
				ENABLE_NS_ASSERTIONS = NO;
				ENABLE_STRICT_OBJC_MSGSEND = YES;
				GCC_C_LANGUAGE_STANDARD = gnu99;
				GCC_NO_COMMON_BLOCKS = YES;
				GCC_WARN_64_TO_32_BIT_CONVERSION = YES;
				GCC_WARN_ABOUT_RETURN_TYPE = YES_ERROR;
				GCC_WARN_UNDECLARED_SELECTOR = YES;
				GCC_WARN_UNINITIALIZED_AUTOS = YES_AGGRESSIVE;
				GCC_WARN_UNUSED_FUNCTION = YES;
				GCC_WARN_UNUSED_VARIABLE = YES;
				IPHONEOS_DEPLOYMENT_TARGET = 9.1;
				MTL_ENABLE_DEBUG_INFO = NO;
				SDKROOT = iphoneos;
				VALIDATE_PRODUCT = YES;
			};
			name = Release;
		};
		636287AF1C026D5F0033B0C3 /* Debug */ = {
			isa = XCBuildConfiguration;
			buildSettings = {
				ASSETCATALOG_COMPILER_APPICON_NAME = AppIcon;
				INFOPLIST_FILE = QuidTimer/Info.plist;
				LD_RUNPATH_SEARCH_PATHS = "$(inherited) @executable_path/Frameworks";
				PRODUCT_BUNDLE_IDENTIFIER = xavdid.QuidTimer;
				PRODUCT_NAME = "$(TARGET_NAME)";
			};
			name = Debug;
		};
		636287B01C026D5F0033B0C3 /* Release */ = {
			isa = XCBuildConfiguration;
			buildSettings = {
				ASSETCATALOG_COMPILER_APPICON_NAME = AppIcon;
				INFOPLIST_FILE = QuidTimer/Info.plist;
				LD_RUNPATH_SEARCH_PATHS = "$(inherited) @executable_path/Frameworks";
				PRODUCT_BUNDLE_IDENTIFIER = xavdid.QuidTimer;
				PRODUCT_NAME = "$(TARGET_NAME)";
			};
			name = Release;
		};
		636287B21C026D5F0033B0C3 /* Debug */ = {
			isa = XCBuildConfiguration;
			buildSettings = {
				BUNDLE_LOADER = "$(TEST_HOST)";
				INFOPLIST_FILE = QuidTimerTests/Info.plist;
				LD_RUNPATH_SEARCH_PATHS = "$(inherited) @executable_path/Frameworks @loader_path/Frameworks";
				PRODUCT_BUNDLE_IDENTIFIER = xavdid.QuidTimerTests;
				PRODUCT_NAME = "$(TARGET_NAME)";
				TEST_HOST = "$(BUILT_PRODUCTS_DIR)/QuidTimer.app/QuidTimer";
			};
			name = Debug;
		};
		636287B31C026D5F0033B0C3 /* Release */ = {
			isa = XCBuildConfiguration;
			buildSettings = {
				BUNDLE_LOADER = "$(TEST_HOST)";
				INFOPLIST_FILE = QuidTimerTests/Info.plist;
				LD_RUNPATH_SEARCH_PATHS = "$(inherited) @executable_path/Frameworks @loader_path/Frameworks";
				PRODUCT_BUNDLE_IDENTIFIER = xavdid.QuidTimerTests;
				PRODUCT_NAME = "$(TARGET_NAME)";
				TEST_HOST = "$(BUILT_PRODUCTS_DIR)/QuidTimer.app/QuidTimer";
			};
			name = Release;
		};
		636287B51C026D5F0033B0C3 /* Debug */ = {
			isa = XCBuildConfiguration;
			buildSettings = {
				INFOPLIST_FILE = QuidTimerUITests/Info.plist;
				LD_RUNPATH_SEARCH_PATHS = "$(inherited) @executable_path/Frameworks @loader_path/Frameworks";
				PRODUCT_BUNDLE_IDENTIFIER = xavdid.QuidTimerUITests;
				PRODUCT_NAME = "$(TARGET_NAME)";
				TEST_TARGET_NAME = QuidTimer;
				USES_XCTRUNNER = YES;
			};
			name = Debug;
		};
		636287B61C026D5F0033B0C3 /* Release */ = {
			isa = XCBuildConfiguration;
			buildSettings = {
				INFOPLIST_FILE = QuidTimerUITests/Info.plist;
				LD_RUNPATH_SEARCH_PATHS = "$(inherited) @executable_path/Frameworks @loader_path/Frameworks";
				PRODUCT_BUNDLE_IDENTIFIER = xavdid.QuidTimerUITests;
				PRODUCT_NAME = "$(TARGET_NAME)";
				TEST_TARGET_NAME = QuidTimer;
				USES_XCTRUNNER = YES;
			};
			name = Release;
		};
/* End XCBuildConfiguration section */

/* Begin XCConfigurationList section */
		636287811C026D5F0033B0C3 /* Build configuration list for PBXProject "QuidTimer" */ = {
			isa = XCConfigurationList;
			buildConfigurations = (
				636287AC1C026D5F0033B0C3 /* Debug */,
				636287AD1C026D5F0033B0C3 /* Release */,
			);
			defaultConfigurationIsVisible = 0;
			defaultConfigurationName = Release;
		};
		636287AE1C026D5F0033B0C3 /* Build configuration list for PBXNativeTarget "QuidTimer" */ = {
			isa = XCConfigurationList;
			buildConfigurations = (
				636287AF1C026D5F0033B0C3 /* Debug */,
				636287B01C026D5F0033B0C3 /* Release */,
			);
			defaultConfigurationIsVisible = 0;
		};
		636287B11C026D5F0033B0C3 /* Build configuration list for PBXNativeTarget "QuidTimerTests" */ = {
			isa = XCConfigurationList;
			buildConfigurations = (
				636287B21C026D5F0033B0C3 /* Debug */,
				636287B31C026D5F0033B0C3 /* Release */,
			);
			defaultConfigurationIsVisible = 0;
		};
		636287B41C026D5F0033B0C3 /* Build configuration list for PBXNativeTarget "QuidTimerUITests" */ = {
			isa = XCConfigurationList;
			buildConfigurations = (
				636287B51C026D5F0033B0C3 /* Debug */,
				636287B61C026D5F0033B0C3 /* Release */,
			);
			defaultConfigurationIsVisible = 0;
		};
/* End XCConfigurationList section */
	};
	rootObject = 6362877E1C026D5F0033B0C3 /* Project object */;
}
